
Microsoft Visual Studio Solution File, Format Version 12.00
# Visual Studio Version 17
VisualStudioVersion = 17.0.32014.148
MinimumVisualStudioVersion = 10.0.40219.1
Project("{2150E333-8FDC-42A3-9474-1A3956D46DE8}") = "Tests", "Tests", "{39445712-FE9F-4406-A103-F181E9DC2233}"
	ProjectSection(SolutionItems) = preProject
		Tests\readme.md = Tests\readme.md
	EndProjectSection
EndProject
Project("{2150E333-8FDC-42A3-9474-1A3956D46DE8}") = "Solution Items", "Solution Items", "{C32E2512-1839-4A94-B119-A33161C2EA92}"
	ProjectSection(SolutionItems) = preProject
		BuildRelease.ps1 = BuildRelease.ps1
		DotNetPack.ps1 = DotNetPack.ps1
		README.md = README.md
	EndProjectSection
EndProject
Project("{9A19103F-16F7-4668-BE54-9A1E7A4F7556}") = "CoreWebApi.ClientApi", "CoreWebApi.ClientApi\CoreWebApi.ClientApi.csproj", "{2C693CA1-CBE6-4674-9555-2B17B5939B5E}"
EndProject
Project("{9A19103F-16F7-4668-BE54-9A1E7A4F7556}") = "DemoWebApi.DemoDataCore", "DemoWebApi.DemoDataCore\DemoWebApi.DemoDataCore.csproj", "{CAD158E0-5120-4EF0-9892-79C2C184A27B}"
EndProject
Project("{9A19103F-16F7-4668-BE54-9A1E7A4F7556}") = "Core3WebApi", "Core3WebApi\Core3WebApi.csproj", "{5C64D0FE-B283-4A4F-B235-49C5F6FD0229}"
EndProject
Project("{9A19103F-16F7-4668-BE54-9A1E7A4F7556}") = "AuthDbCreator", "AuthDbCreator\AuthDbCreator.csproj", "{FD9639DD-7BE9-4CA5-8CA2-EF9FF5E5ACC4}"
EndProject
Project("{9A19103F-16F7-4668-BE54-9A1E7A4F7556}") = "Fonlow.AuthDbCreator", "Fonlow.AuthDbCreator\Fonlow.AuthDbCreator.csproj", "{87BFDA71-1DA5-4743-9E36-C10B7CE2D497}"
EndProject
Project("{9A19103F-16F7-4668-BE54-9A1E7A4F7556}") = "PetWebApi", "PetWebApi\PetWebApi.csproj", "{0681DD72-68A5-432F-B05B-97404371A07F}"
EndProject
Project("{9A19103F-16F7-4668-BE54-9A1E7A4F7556}") = "Fonlow.EntityFrameworkCore.MsSql", "Fonlow.EntityFrameworkCore.MsSql\Fonlow.EntityFrameworkCore.MsSql.csproj", "{C3E43BB5-39F4-4BE6-A397-DD872AD13DD8}"
EndProject
Project("{9A19103F-16F7-4668-BE54-9A1E7A4F7556}") = "Fonlow.WebApp.Accounts", "Fonlow.WebApp.Accounts\Fonlow.WebApp.Accounts.csproj", "{42FA39E6-1A9F-49E7-800D-5ADF8A0EFD9E}"
EndProject
Project("{2150E333-8FDC-42A3-9474-1A3956D46DE8}") = "Security", "Security", "{03B8AB6F-9686-44AF-9AF1-6DCC6E742808}"
EndProject
Project("{9A19103F-16F7-4668-BE54-9A1E7A4F7556}") = "Fonlow.EntityFrameworkCore.Abstract", "Fonlow.EntityFrameworkCore.Abstract\Fonlow.EntityFrameworkCore.Abstract.csproj", "{AB03E004-65FB-4DE2-88D4-5B1748F7BB9C}"
EndProject
Project("{9A19103F-16F7-4668-BE54-9A1E7A4F7556}") = "Fonlow.EntityFrameworkCore.MySql", "Fonlow.EntityFrameworkCore.MySql\Fonlow.EntityFrameworkCore.MySql.csproj", "{ED067E5C-399B-4FAD-8FDB-731E92B08147}"
EndProject
Project("{9A19103F-16F7-4668-BE54-9A1E7A4F7556}") = "Fonlow.EntityFrameworkCore.Sqlite", "Fonlow.EntityFrameworkCore.Sqlite\Fonlow.EntityFrameworkCore.Sqlite.csproj", "{F60582D7-8AF7-4032-9B27-A8CCE1F8E291}"
EndProject
Project("{9A19103F-16F7-4668-BE54-9A1E7A4F7556}") = "Fonlow.AspNetCore.Identity", "Fonlow.AspNetCore.Identity\Fonlow.AspNetCore.Identity.csproj", "{291F469A-A1C7-4381-96B0-DC77C82981B3}"
EndProject
Project("{9A19103F-16F7-4668-BE54-9A1E7A4F7556}") = "Fonlow.AspNetCore.Identity.Account", "Fonlow.AspNetCore.Identity.Account\Fonlow.AspNetCore.Identity.Account.csproj", "{D3568256-DB19-4550-A885-262C235A008C}"
EndProject
Project("{9A19103F-16F7-4668-BE54-9A1E7A4F7556}") = "AuthRemoteTests", "Tests\AuthRemoteTests\AuthRemoteTests.csproj", "{ED35CF2D-5DFD-46D0-A5BF-2B912B072642}"
EndProject
Project("{D954291E-2A0B-460D-934E-DC6B0785DB48}") = "IntegrationTestShared", "Tests\IntegrationTestShared\IntegrationTestShared.shproj", "{60B7393D-9285-4D0A-A368-877ED60C6C11}"
EndProject
Project("{9A19103F-16F7-4668-BE54-9A1E7A4F7556}") = "IntegrationTestsCore", "Tests\IntegrationTestsCore\IntegrationTestsCore.csproj", "{15217096-CCD1-4C5F-BC90-891320E570B1}"
EndProject
Project("{9A19103F-16F7-4668-BE54-9A1E7A4F7556}") = "PetStoreClientApi", "Tests\PetStoreClientApi\PetStoreClientApi.csproj", "{F77720BE-FC42-4F03-95DF-CE2953D46EEC}"
EndProject
Project("{9A19103F-16F7-4668-BE54-9A1E7A4F7556}") = "AuthTests", "Tests\AuthTests\AuthTests.csproj", "{423C910B-96BB-4855-B3FB-94C060A3B8DA}"
	ProjectSection(ProjectDependencies) = postProject
		{5C64D0FE-B283-4A4F-B235-49C5F6FD0229} = {5C64D0FE-B283-4A4F-B235-49C5F6FD0229}
	EndProjectSection
EndProject
Project("{9A19103F-16F7-4668-BE54-9A1E7A4F7556}") = "PetStoreApiTests", "Tests\PetStoreApiTests\PetStoreApiTests.csproj", "{F91D9E0C-F235-44E1-A1DB-1213AF9663AB}"
EndProject
Project("{9A19103F-16F7-4668-BE54-9A1E7A4F7556}") = "Fonlow.EntityFrameworkCore.PostgreSQL", "Fonlow.EntityFrameworkCore.PostgreSQL\Fonlow.EntityFrameworkCore.PostgreSQL.csproj", "{CE7E6D5A-E1E8-4237-BDDB-28E2B795E26B}"
EndProject
Project("{9A19103F-16F7-4668-BE54-9A1E7A4F7556}") = "ModelsUnitTests", "Tests\ModelsUnitTests\ModelsUnitTests.csproj", "{22AC790B-B412-40BB-880F-468725DA3843}"
EndProject
Project("{9A19103F-16F7-4668-BE54-9A1E7A4F7556}") = "Fonlow.Auth.PayloadConverters", "Fonlow.Auth.PayloadConverters\Fonlow.Auth.PayloadConverters.csproj", "{2D30E62C-6D5A-4D77-BF2B-A477B799F338}"
EndProject
Global
	GlobalSection(SolutionConfigurationPlatforms) = preSolution
		Debug|Any CPU = Debug|Any CPU
		Release|Any CPU = Release|Any CPU
	EndGlobalSection
	GlobalSection(ProjectConfigurationPlatforms) = postSolution
		{2C693CA1-CBE6-4674-9555-2B17B5939B5E}.Debug|Any CPU.ActiveCfg = Debug|Any CPU
		{2C693CA1-CBE6-4674-9555-2B17B5939B5E}.Debug|Any CPU.Build.0 = Debug|Any CPU
		{2C693CA1-CBE6-4674-9555-2B17B5939B5E}.Release|Any CPU.ActiveCfg = Release|Any CPU
		{2C693CA1-CBE6-4674-9555-2B17B5939B5E}.Release|Any CPU.Build.0 = Release|Any CPU
		{CAD158E0-5120-4EF0-9892-79C2C184A27B}.Debug|Any CPU.ActiveCfg = Debug|Any CPU
		{CAD158E0-5120-4EF0-9892-79C2C184A27B}.Debug|Any CPU.Build.0 = Debug|Any CPU
		{CAD158E0-5120-4EF0-9892-79C2C184A27B}.Release|Any CPU.ActiveCfg = Release|Any CPU
		{CAD158E0-5120-4EF0-9892-79C2C184A27B}.Release|Any CPU.Build.0 = Release|Any CPU
		{5C64D0FE-B283-4A4F-B235-49C5F6FD0229}.Debug|Any CPU.ActiveCfg = Debug|Any CPU
		{5C64D0FE-B283-4A4F-B235-49C5F6FD0229}.Debug|Any CPU.Build.0 = Debug|Any CPU
		{5C64D0FE-B283-4A4F-B235-49C5F6FD0229}.Release|Any CPU.ActiveCfg = Release|Any CPU
		{5C64D0FE-B283-4A4F-B235-49C5F6FD0229}.Release|Any CPU.Build.0 = Release|Any CPU
		{FD9639DD-7BE9-4CA5-8CA2-EF9FF5E5ACC4}.Debug|Any CPU.ActiveCfg = Debug|Any CPU
		{FD9639DD-7BE9-4CA5-8CA2-EF9FF5E5ACC4}.Debug|Any CPU.Build.0 = Debug|Any CPU
		{FD9639DD-7BE9-4CA5-8CA2-EF9FF5E5ACC4}.Release|Any CPU.ActiveCfg = Release|Any CPU
		{FD9639DD-7BE9-4CA5-8CA2-EF9FF5E5ACC4}.Release|Any CPU.Build.0 = Release|Any CPU
		{87BFDA71-1DA5-4743-9E36-C10B7CE2D497}.Debug|Any CPU.ActiveCfg = Debug|Any CPU
		{87BFDA71-1DA5-4743-9E36-C10B7CE2D497}.Debug|Any CPU.Build.0 = Debug|Any CPU
		{87BFDA71-1DA5-4743-9E36-C10B7CE2D497}.Release|Any CPU.ActiveCfg = Release|Any CPU
		{87BFDA71-1DA5-4743-9E36-C10B7CE2D497}.Release|Any CPU.Build.0 = Release|Any CPU
		{0681DD72-68A5-432F-B05B-97404371A07F}.Debug|Any CPU.ActiveCfg = Debug|Any CPU
		{0681DD72-68A5-432F-B05B-97404371A07F}.Debug|Any CPU.Build.0 = Debug|Any CPU
		{0681DD72-68A5-432F-B05B-97404371A07F}.Release|Any CPU.ActiveCfg = Release|Any CPU
		{0681DD72-68A5-432F-B05B-97404371A07F}.Release|Any CPU.Build.0 = Release|Any CPU
		{C3E43BB5-39F4-4BE6-A397-DD872AD13DD8}.Debug|Any CPU.ActiveCfg = Debug|Any CPU
		{C3E43BB5-39F4-4BE6-A397-DD872AD13DD8}.Debug|Any CPU.Build.0 = Debug|Any CPU
		{C3E43BB5-39F4-4BE6-A397-DD872AD13DD8}.Release|Any CPU.ActiveCfg = Release|Any CPU
		{C3E43BB5-39F4-4BE6-A397-DD872AD13DD8}.Release|Any CPU.Build.0 = Release|Any CPU
		{42FA39E6-1A9F-49E7-800D-5ADF8A0EFD9E}.Debug|Any CPU.ActiveCfg = Debug|Any CPU
		{42FA39E6-1A9F-49E7-800D-5ADF8A0EFD9E}.Debug|Any CPU.Build.0 = Debug|Any CPU
		{42FA39E6-1A9F-49E7-800D-5ADF8A0EFD9E}.Release|Any CPU.ActiveCfg = Release|Any CPU
		{42FA39E6-1A9F-49E7-800D-5ADF8A0EFD9E}.Release|Any CPU.Build.0 = Release|Any CPU
		{AB03E004-65FB-4DE2-88D4-5B1748F7BB9C}.Debug|Any CPU.ActiveCfg = Debug|Any CPU
		{AB03E004-65FB-4DE2-88D4-5B1748F7BB9C}.Debug|Any CPU.Build.0 = Debug|Any CPU
		{AB03E004-65FB-4DE2-88D4-5B1748F7BB9C}.Release|Any CPU.ActiveCfg = Release|Any CPU
		{AB03E004-65FB-4DE2-88D4-5B1748F7BB9C}.Release|Any CPU.Build.0 = Release|Any CPU
		{ED067E5C-399B-4FAD-8FDB-731E92B08147}.Debug|Any CPU.ActiveCfg = Debug|Any CPU
		{ED067E5C-399B-4FAD-8FDB-731E92B08147}.Debug|Any CPU.Build.0 = Debug|Any CPU
		{ED067E5C-399B-4FAD-8FDB-731E92B08147}.Release|Any CPU.ActiveCfg = Release|Any CPU
		{ED067E5C-399B-4FAD-8FDB-731E92B08147}.Release|Any CPU.Build.0 = Release|Any CPU
		{F60582D7-8AF7-4032-9B27-A8CCE1F8E291}.Debug|Any CPU.ActiveCfg = Debug|Any CPU
		{F60582D7-8AF7-4032-9B27-A8CCE1F8E291}.Debug|Any CPU.Build.0 = Debug|Any CPU
		{F60582D7-8AF7-4032-9B27-A8CCE1F8E291}.Release|Any CPU.ActiveCfg = Release|Any CPU
		{F60582D7-8AF7-4032-9B27-A8CCE1F8E291}.Release|Any CPU.Build.0 = Release|Any CPU
		{291F469A-A1C7-4381-96B0-DC77C82981B3}.Debug|Any CPU.ActiveCfg = Debug|Any CPU
		{291F469A-A1C7-4381-96B0-DC77C82981B3}.Debug|Any CPU.Build.0 = Debug|Any CPU
		{291F469A-A1C7-4381-96B0-DC77C82981B3}.Release|Any CPU.ActiveCfg = Release|Any CPU
		{291F469A-A1C7-4381-96B0-DC77C82981B3}.Release|Any CPU.Build.0 = Release|Any CPU
		{D3568256-DB19-4550-A885-262C235A008C}.Debug|Any CPU.ActiveCfg = Debug|Any CPU
		{D3568256-DB19-4550-A885-262C235A008C}.Debug|Any CPU.Build.0 = Debug|Any CPU
		{D3568256-DB19-4550-A885-262C235A008C}.Release|Any CPU.ActiveCfg = Release|Any CPU
		{D3568256-DB19-4550-A885-262C235A008C}.Release|Any CPU.Build.0 = Release|Any CPU
		{ED35CF2D-5DFD-46D0-A5BF-2B912B072642}.Debug|Any CPU.ActiveCfg = Debug|Any CPU
		{ED35CF2D-5DFD-46D0-A5BF-2B912B072642}.Debug|Any CPU.Build.0 = Debug|Any CPU
		{ED35CF2D-5DFD-46D0-A5BF-2B912B072642}.Release|Any CPU.ActiveCfg = Release|Any CPU
		{ED35CF2D-5DFD-46D0-A5BF-2B912B072642}.Release|Any CPU.Build.0 = Release|Any CPU
		{15217096-CCD1-4C5F-BC90-891320E570B1}.Debug|Any CPU.ActiveCfg = Debug|Any CPU
		{15217096-CCD1-4C5F-BC90-891320E570B1}.Debug|Any CPU.Build.0 = Debug|Any CPU
		{15217096-CCD1-4C5F-BC90-891320E570B1}.Release|Any CPU.ActiveCfg = Release|Any CPU
		{15217096-CCD1-4C5F-BC90-891320E570B1}.Release|Any CPU.Build.0 = Release|Any CPU
		{F77720BE-FC42-4F03-95DF-CE2953D46EEC}.Debug|Any CPU.ActiveCfg = Debug|Any CPU
		{F77720BE-FC42-4F03-95DF-CE2953D46EEC}.Debug|Any CPU.Build.0 = Debug|Any CPU
		{F77720BE-FC42-4F03-95DF-CE2953D46EEC}.Release|Any CPU.ActiveCfg = Release|Any CPU
		{F77720BE-FC42-4F03-95DF-CE2953D46EEC}.Release|Any CPU.Build.0 = Release|Any CPU
		{423C910B-96BB-4855-B3FB-94C060A3B8DA}.Debug|Any CPU.ActiveCfg = Debug|Any CPU
		{423C910B-96BB-4855-B3FB-94C060A3B8DA}.Debug|Any CPU.Build.0 = Debug|Any CPU
		{423C910B-96BB-4855-B3FB-94C060A3B8DA}.Release|Any CPU.ActiveCfg = Release|Any CPU
		{423C910B-96BB-4855-B3FB-94C060A3B8DA}.Release|Any CPU.Build.0 = Release|Any CPU
		{F91D9E0C-F235-44E1-A1DB-1213AF9663AB}.Debug|Any CPU.ActiveCfg = Debug|Any CPU
		{F91D9E0C-F235-44E1-A1DB-1213AF9663AB}.Debug|Any CPU.Build.0 = Debug|Any CPU
		{F91D9E0C-F235-44E1-A1DB-1213AF9663AB}.Release|Any CPU.ActiveCfg = Release|Any CPU
		{F91D9E0C-F235-44E1-A1DB-1213AF9663AB}.Release|Any CPU.Build.0 = Release|Any CPU
		{CE7E6D5A-E1E8-4237-BDDB-28E2B795E26B}.Debug|Any CPU.ActiveCfg = Debug|Any CPU
		{CE7E6D5A-E1E8-4237-BDDB-28E2B795E26B}.Debug|Any CPU.Build.0 = Debug|Any CPU
		{CE7E6D5A-E1E8-4237-BDDB-28E2B795E26B}.Release|Any CPU.ActiveCfg = Release|Any CPU
		{CE7E6D5A-E1E8-4237-BDDB-28E2B795E26B}.Release|Any CPU.Build.0 = Release|Any CPU
		{22AC790B-B412-40BB-880F-468725DA3843}.Debug|Any CPU.ActiveCfg = Debug|Any CPU
		{22AC790B-B412-40BB-880F-468725DA3843}.Debug|Any CPU.Build.0 = Debug|Any CPU
		{22AC790B-B412-40BB-880F-468725DA3843}.Release|Any CPU.ActiveCfg = Release|Any CPU
		{22AC790B-B412-40BB-880F-468725DA3843}.Release|Any CPU.Build.0 = Release|Any CPU
		{2D30E62C-6D5A-4D77-BF2B-A477B799F338}.Debug|Any CPU.ActiveCfg = Debug|Any CPU
		{2D30E62C-6D5A-4D77-BF2B-A477B799F338}.Debug|Any CPU.Build.0 = Debug|Any CPU
		{2D30E62C-6D5A-4D77-BF2B-A477B799F338}.Release|Any CPU.ActiveCfg = Release|Any CPU
		{2D30E62C-6D5A-4D77-BF2B-A477B799F338}.Release|Any CPU.Build.0 = Release|Any CPU
	EndGlobalSection
	GlobalSection(SolutionProperties) = preSolution
		HideSolutionNode = FALSE
	EndGlobalSection
	GlobalSection(NestedProjects) = preSolution
		{87BFDA71-1DA5-4743-9E36-C10B7CE2D497} = {03B8AB6F-9686-44AF-9AF1-6DCC6E742808}
		{C3E43BB5-39F4-4BE6-A397-DD872AD13DD8} = {03B8AB6F-9686-44AF-9AF1-6DCC6E742808}
		{42FA39E6-1A9F-49E7-800D-5ADF8A0EFD9E} = {03B8AB6F-9686-44AF-9AF1-6DCC6E742808}
		{AB03E004-65FB-4DE2-88D4-5B1748F7BB9C} = {03B8AB6F-9686-44AF-9AF1-6DCC6E742808}
		{ED067E5C-399B-4FAD-8FDB-731E92B08147} = {03B8AB6F-9686-44AF-9AF1-6DCC6E742808}
		{F60582D7-8AF7-4032-9B27-A8CCE1F8E291} = {03B8AB6F-9686-44AF-9AF1-6DCC6E742808}
		{291F469A-A1C7-4381-96B0-DC77C82981B3} = {03B8AB6F-9686-44AF-9AF1-6DCC6E742808}
		{D3568256-DB19-4550-A885-262C235A008C} = {03B8AB6F-9686-44AF-9AF1-6DCC6E742808}
		{ED35CF2D-5DFD-46D0-A5BF-2B912B072642} = {39445712-FE9F-4406-A103-F181E9DC2233}
		{60B7393D-9285-4D0A-A368-877ED60C6C11} = {39445712-FE9F-4406-A103-F181E9DC2233}
		{15217096-CCD1-4C5F-BC90-891320E570B1} = {39445712-FE9F-4406-A103-F181E9DC2233}
		{F77720BE-FC42-4F03-95DF-CE2953D46EEC} = {39445712-FE9F-4406-A103-F181E9DC2233}
		{423C910B-96BB-4855-B3FB-94C060A3B8DA} = {39445712-FE9F-4406-A103-F181E9DC2233}
		{F91D9E0C-F235-44E1-A1DB-1213AF9663AB} = {39445712-FE9F-4406-A103-F181E9DC2233}
		{CE7E6D5A-E1E8-4237-BDDB-28E2B795E26B} = {03B8AB6F-9686-44AF-9AF1-6DCC6E742808}
		{22AC790B-B412-40BB-880F-468725DA3843} = {39445712-FE9F-4406-A103-F181E9DC2233}
		{2D30E62C-6D5A-4D77-BF2B-A477B799F338} = {03B8AB6F-9686-44AF-9AF1-6DCC6E742808}
	EndGlobalSection
	GlobalSection(ExtensibilityGlobals) = postSolution
		SolutionGuid = {F3EFB0EB-BFFA-4C16-B235-B121695229EF}
	EndGlobalSection
	GlobalSection(SharedMSBuildProjectFiles) = preSolution
		Tests\IntegrationTestShared\IntegrationTestShared.projitems*{15217096-ccd1-4c5f-bc90-891320e570b1}*SharedItemsImports = 5
		Tests\IntegrationTestShared\IntegrationTestShared.projitems*{60b7393d-9285-4d0a-a368-877ed60c6c11}*SharedItemsImports = 13
	EndGlobalSection
EndGlobal
